
Microsoft Visual Studio Solution File, Format Version 12.00
# Visual Studio Version 17
VisualStudioVersion = 17.4.33110.190
MinimumVisualStudioVersion = 10.0.40219.1
Project("{9A19103F-16F7-4668-BE54-9A1E7A4F7556}") = "HermesStream.Notification.Api", "HermesStream.Notification.Api\HermesStream.Notification.Api.csproj", "{B423FFCE-764E-4A35-908A-6F9D1FA16F2C}"
EndProject
Project("{9A19103F-16F7-4668-BE54-9A1E7A4F7556}") = "HermesStream.Notification.Service", "HermesStream.Notification.Service\HermesStream.Notification.Service.csproj", "{EED53AA7-D378-4419-9EFA-32DD9255BB0A}"
EndProject
Project("{9A19103F-16F7-4668-BE54-9A1E7A4F7556}") = "HermesStream.Notification.Repository", "HermesStream.Notification.Repository\HermesStream.Notification.Repository.csproj", "{4AE1D0C4-8954-4919-893B-986093734541}"
EndProject
Project("{9A19103F-16F7-4668-BE54-9A1E7A4F7556}") = "HermesStream.Notification.Infrastructure", "HermesStream.Notification.Infrastructure\HermesStream.Notification.Infrastructure.csproj", "{6E01A554-B2BF-4811-B035-9C55AB90682E}"
EndProject
Project("{FAE04EC0-301F-11D3-BF4B-00C04F79EFBC}") = "HermesStream.Notification.Tests", "HermesStream.Notification.Tests\HermesStream.Notification.Tests.csproj", "{BA61D768-6416-4DFA-A057-BFCB93F7D4F4}"
EndProject
Project("{E53339B2-1760-4266-BCC7-CA923CBCF16C}") = "docker-compose", "docker-compose.dcproj", "{C3E1D8A6-C7AE-49BF-BFBA-E4EF042B7C12}"
EndProject
Global
	GlobalSection(SolutionConfigurationPlatforms) = preSolution
		Debug|Any CPU = Debug|Any CPU
		Release|Any CPU = Release|Any CPU
	EndGlobalSection
	GlobalSection(ProjectConfigurationPlatforms) = postSolution
		{B423FFCE-764E-4A35-908A-6F9D1FA16F2C}.Debug|Any CPU.ActiveCfg = Debug|Any CPU
		{B423FFCE-764E-4A35-908A-6F9D1FA16F2C}.Debug|Any CPU.Build.0 = Debug|Any CPU
		{B423FFCE-764E-4A35-908A-6F9D1FA16F2C}.Release|Any CPU.ActiveCfg = Release|Any CPU
		{B423FFCE-764E-4A35-908A-6F9D1FA16F2C}.Release|Any CPU.Build.0 = Release|Any CPU
		{EED53AA7-D378-4419-9EFA-32DD9255BB0A}.Debug|Any CPU.ActiveCfg = Debug|Any CPU
		{EED53AA7-D378-4419-9EFA-32DD9255BB0A}.Debug|Any CPU.Build.0 = Debug|Any CPU
		{EED53AA7-D378-4419-9EFA-32DD9255BB0A}.Release|Any CPU.ActiveCfg = Release|Any CPU
		{EED53AA7-D378-4419-9EFA-32DD9255BB0A}.Release|Any CPU.Build.0 = Release|Any CPU
		{4AE1D0C4-8954-4919-893B-986093734541}.Debug|Any CPU.ActiveCfg = Debug|Any CPU
		{4AE1D0C4-8954-4919-893B-986093734541}.Debug|Any CPU.Build.0 = Debug|Any CPU
		{4AE1D0C4-8954-4919-893B-986093734541}.Release|Any CPU.ActiveCfg = Release|Any CPU
		{4AE1D0C4-8954-4919-893B-986093734541}.Release|Any CPU.Build.0 = Release|Any CPU
		{6E01A554-B2BF-4811-B035-9C55AB90682E}.Debug|Any CPU.ActiveCfg = Debug|Any CPU
		{6E01A554-B2BF-4811-B035-9C55AB90682E}.Debug|Any CPU.Build.0 = Debug|Any CPU
		{6E01A554-B2BF-4811-B035-9C55AB90682E}.Release|Any CPU.ActiveCfg = Release|Any CPU
		{6E01A554-B2BF-4811-B035-9C55AB90682E}.Release|Any CPU.Build.0 = Release|Any CPU
		{BA61D768-6416-4DFA-A057-BFCB93F7D4F4}.Debug|Any CPU.ActiveCfg = Debug|Any CPU
		{BA61D768-6416-4DFA-A057-BFCB93F7D4F4}.Debug|Any CPU.Build.0 = Debug|Any CPU
		{BA61D768-6416-4DFA-A057-BFCB93F7D4F4}.Release|Any CPU.ActiveCfg = Release|Any CPU
		{BA61D768-6416-4DFA-A057-BFCB93F7D4F4}.Release|Any CPU.Build.0 = Release|Any CPU
		{C3E1D8A6-C7AE-49BF-BFBA-E4EF042B7C12}.Debug|Any CPU.ActiveCfg = Debug|Any CPU
		{C3E1D8A6-C7AE-49BF-BFBA-E4EF042B7C12}.Debug|Any CPU.Build.0 = Debug|Any CPU
		{C3E1D8A6-C7AE-49BF-BFBA-E4EF042B7C12}.Release|Any CPU.ActiveCfg = Release|Any CPU
		{C3E1D8A6-C7AE-49BF-BFBA-E4EF042B7C12}.Release|Any CPU.Build.0 = Release|Any CPU
	EndGlobalSection
	GlobalSection(SolutionProperties) = preSolution
		HideSolutionNode = FALSE
	EndGlobalSection
	GlobalSection(ExtensibilityGlobals) = postSolution
		SolutionGuid = {F5D2D43A-7F19-49A5-9D32-7634CC76CD3B}
	EndGlobalSection
EndGlobal
